
Microsoft Visual Studio Solution File, Format Version 12.00
# Visual Studio Version 16
VisualStudioVersion = 16.0.34931.43
MinimumVisualStudioVersion = 10.0.40219.1
Project("{FAE04EC0-301F-11D3-BF4B-00C04F79EFBC}") = "si-auto-fwupdater", "si-auto-fwupdater.csproj", "{BB52F90A-036E-4257-BCE7-B64D39B8AFE0}"
EndProject
Global
	GlobalSection(SolutionConfigurationPlatforms) = preSolution
		Debug|Any CPU = Debug|Any CPU
		Release|Any CPU = Release|Any CPU
	EndGlobalSection
	GlobalSection(ProjectConfigurationPlatforms) = postSolution
		{BB52F90A-036E-4257-BCE7-B64D39B8AFE0}.Debug|Any CPU.ActiveCfg = Debug|Any CPU
		{BB52F90A-036E-4257-BCE7-B64D39B8AFE0}.Debug|Any CPU.Build.0 = Debug|Any CPU
		{BB52F90A-036E-4257-BCE7-B64D39B8AFE0}.Release|Any CPU.ActiveCfg = Release|Any CPU
		{BB52F90A-036E-4257-BCE7-B64D39B8AFE0}.Release|Any CPU.Build.0 = Release|Any CPU
	EndGlobalSection
	GlobalSection(SolutionProperties) = preSolution
		HideSolutionNode = FALSE
	EndGlobalSection
	GlobalSection(ExtensibilityGlobals) = postSolution
		SolutionGuid = {72B35416-090B-4740-8C0C-75F50AF8624E}
	EndGlobalSection
EndGlobal
